PODS:
  - icu4c-iosx (71.1.4)
  - nmbr-icu (0.2.0):
    - icu4c-iosx (= 71.1.4)
  - SwiftLint (0.47.1)

DEPENDENCIES:
  - nmbr-icu (from `../`)
  - SwiftLint

SPEC REPOS:
  trunk:
    - icu4c-iosx
    - SwiftLint

EXTERNAL SOURCES:
  nmbr-icu:
    :path: "../"

SPEC CHECKSUMS:
  icu4c-iosx: f7817a6d3e1db04f0e9a8cb910fe358bc46f1533
  nmbr-icu: d51b48db24d80e0fa325c31410cf4c1396cb2dbb
  SwiftLint: f80f1be7fa96d30e0aa68e58d45d4ea1ccaac519

PODFILE CHECKSUM: fabf24e570c406a2dd2a13ffab10a3794b4b7c54

COCOAPODS: 1.11.3
