PODS:
  - icu4c-iosx (71.1.3)
  - nmbr-icu (0.2.0):
    - icu4c-iosx (= 71.1.3)
  - SwiftLint (0.47.1)

DEPENDENCIES:
  - nmbr-icu (from `../`)
  - SwiftLint

SPEC REPOS:
  trunk:
    - icu4c-iosx
    - SwiftLint

EXTERNAL SOURCES:
  nmbr-icu:
    :path: "../"

SPEC CHECKSUMS:
  icu4c-iosx: c1c8e99191646db1963dfe211e35fa2d50ef80e2
  nmbr-icu: 7b529927594f320fa734c0137e694292ebcfcf4d
  SwiftLint: f80f1be7fa96d30e0aa68e58d45d4ea1ccaac519

PODFILE CHECKSUM: fabf24e570c406a2dd2a13ffab10a3794b4b7c54

COCOAPODS: 1.11.3
